# This file is generated by running "yarn install" inside your project.
# Manual changes might be lost - proceed with caution!

__metadata:
  version: 8
  cacheKey: 10c0

"aws-ssl-profiles@npm:^1.1.1":
  version: 1.1.1
  resolution: "aws-ssl-profiles@npm:1.1.1"
  checksum: 10c0/a2889bae943fed1629350cbe7979e9da507c89c57b554b159844f369fa92bd9b0a344e63540f40770a0957d4f58f80a98a83c300cd86b163d3f30cbdc7edb8bd
  languageName: node
  linkType: hard

"debug-mysql-vitess-large-blob-issue@workspace:.":
  version: 0.0.0-use.local
  resolution: "debug-mysql-vitess-large-blob-issue@workspace:."
  dependencies:
    mysql2: "npm:^3.11.0"
  languageName: unknown
  linkType: soft

"denque@npm:^2.1.0":
  version: 2.1.0
  resolution: "denque@npm:2.1.0"
  checksum: 10c0/f9ef81aa0af9c6c614a727cb3bd13c5d7db2af1abf9e6352045b86e85873e629690f6222f4edd49d10e4ccf8f078bbeec0794fafaf61b659c0589d0c511ec363
  languageName: node
  linkType: hard

"generate-function@npm:^2.3.1":
  version: 2.3.1
  resolution: "generate-function@npm:2.3.1"
  dependencies:
    is-property: "npm:^1.0.2"
  checksum: 10c0/4645cf1da90375e46a6f1dc51abc9933e5eafa4cd1a44c2f7e3909a30a4e9a1a08c14cd7d5b32da039da2dba2a085e1ed4597b580c196c3245b2d35d8bc0de5d
  languageName: node
  linkType: hard

"iconv-lite@npm:^0.6.3":
  version: 0.6.3
  resolution: "iconv-lite@npm:0.6.3"
  dependencies:
    safer-buffer: "npm:>= 2.1.2 < 3.0.0"
  checksum: 10c0/98102bc66b33fcf5ac044099d1257ba0b7ad5e3ccd3221f34dd508ab4070edff183276221684e1e0555b145fce0850c9f7d2b60a9fcac50fbb4ea0d6e845a3b1
  languageName: node
  linkType: hard

"is-property@npm:^1.0.2":
  version: 1.0.2
  resolution: "is-property@npm:1.0.2"
  checksum: 10c0/33ab65a136e4ba3f74d4f7d9d2a013f1bd207082e11cedb160698e8d5394644e873c39668d112a402175ccbc58a087cef87198ed46829dbddb479115a0257283
  languageName: node
  linkType: hard

"long@npm:^5.2.1":
  version: 5.2.3
  resolution: "long@npm:5.2.3"
  checksum: 10c0/6a0da658f5ef683b90330b1af76f06790c623e148222da9d75b60e266bbf88f803232dd21464575681638894a84091616e7f89557aa087fd14116c0f4e0e43d9
  languageName: node
  linkType: hard

"lru-cache@npm:^7.14.1":
  version: 7.18.3
  resolution: "lru-cache@npm:7.18.3"
  checksum: 10c0/b3a452b491433db885beed95041eb104c157ef7794b9c9b4d647be503be91769d11206bb573849a16b4cc0d03cbd15ffd22df7960997788b74c1d399ac7a4fed
  languageName: node
  linkType: hard

"lru-cache@npm:^8.0.0":
  version: 8.0.5
  resolution: "lru-cache@npm:8.0.5"
  checksum: 10c0/cd95a9c38497611c5a6453de39a881f6eb5865851a2a01b5f14104ff3fee515362a7b1e7de28606028f423802910ba05bdb8ae1aa7b0d54eae70c92f0cec10b2
  languageName: node
  linkType: hard

"mysql2@npm:^3.11.0":
  version: 3.11.0
  resolution: "mysql2@npm:3.11.0"
  dependencies:
    aws-ssl-profiles: "npm:^1.1.1"
    denque: "npm:^2.1.0"
    generate-function: "npm:^2.3.1"
    iconv-lite: "npm:^0.6.3"
    long: "npm:^5.2.1"
    lru-cache: "npm:^8.0.0"
    named-placeholders: "npm:^1.1.3"
    seq-queue: "npm:^0.0.5"
    sqlstring: "npm:^2.3.2"
  checksum: 10c0/7cc408ecfce01cda0692e72879e9812855a91b03940ac4e8acb715c55f25f8d262a05df5fe25fe3b707a1f40a61e68cde5c3e00b6a81343b00f9595bd4adc790
  languageName: node
  linkType: hard

"named-placeholders@npm:^1.1.3":
  version: 1.1.3
  resolution: "named-placeholders@npm:1.1.3"
  dependencies:
    lru-cache: "npm:^7.14.1"
  checksum: 10c0/cd83b4bbdf358b2285e3c51260fac2039c9d0546632b8a856b3eeabd3bfb3d5b597507ab319b97c281a4a70d748f38bc66fa218a61cb44f55ad997ad5d9c9935
  languageName: node
  linkType: hard

"safer-buffer@npm:>= 2.1.2 < 3.0.0":
  version: 2.1.2
  resolution: "safer-buffer@npm:2.1.2"
  checksum: 10c0/7e3c8b2e88a1841c9671094bbaeebd94448111dd90a81a1f606f3f67708a6ec57763b3b47f06da09fc6054193e0e6709e77325415dc8422b04497a8070fa02d4
  languageName: node
  linkType: hard

"seq-queue@npm:^0.0.5":
  version: 0.0.5
  resolution: "seq-queue@npm:0.0.5"
  checksum: 10c0/ec870fc392f0e6e99ec0e551c3041c1a66144d1580efabae7358e572de127b0ad2f844c95a4861d2e6203f836adea4c8196345b37bed55331ead8f22d99ac84c
  languageName: node
  linkType: hard

"sqlstring@npm:^2.3.2":
  version: 2.3.3
  resolution: "sqlstring@npm:2.3.3"
  checksum: 10c0/3b5dd7badb3d6312f494cfa6c9a381ee630fbe3dbd571c4c9eb8ecdb99a7bf5a1f7a5043191d768797f6b3c04eed5958ac6a5f948b998f0a138294c6d3125fbd
  languageName: node
  linkType: hard
